{
  "lockfile_version": "1",
  "packages": {
    "clang@18.1.8": {
      "last_modified": "2024-12-03T12:40:06Z",
      "resolved": "github:NixOS/nixpkgs/566e53c2ad750c84f6d31f9ccb9d00f823165550#clang",
      "source": "devbox-search",
      "version": "18.1.8",
      "systems": {
        "aarch64-linux": {
          "outputs": [
            {
              "name": "out",
              "path": "/nix/store/k2pla8ky8gygl95ff71fzc93xig5cs7a-clang-wrapper-18.1.8",
              "default": true
            }
          ],
          "store_path": "/nix/store/k2pla8ky8gygl95ff71fzc93xig5cs7a-clang-wrapper-18.1.8"
        },
        "x86_64-linux": {
          "outputs": [
            {
              "name": "out",
              "path": "/nix/store/03bq5hc45d5wkw8pajmz4vgd5s0ivyq8-clang-wrapper-18.1.8",
              "default": true
            }
          ],
          "store_path": "/nix/store/03bq5hc45d5wkw8pajmz4vgd5s0ivyq8-clang-wrapper-18.1.8"
        }
      }
    },
    "go-task@latest": {
      "last_modified": "2025-11-23T21:50:36Z",
      "resolved": "github:NixOS/nixpkgs/ee09932cedcef15aaf476f9343d1dea2cb77e261#go-task",
      "source": "devbox-search",
      "version": "3.45.5",
      "systems": {
        "aarch64-darwin": {
          "outputs": [
            {
              "name": "out",
              "path": "/nix/store/hq2nfh8sndri3x4z4k1j9g9wk6l0kp5q-go-task-3.45.5",
              "default": true
            }
          ],
          "store_path": "/nix/store/hq2nfh8sndri3x4z4k1j9g9wk6l0kp5q-go-task-3.45.5"
        },
        "aarch64-linux": {
          "outputs": [
            {
              "name": "out",
              "path": "/nix/store/4ac3xjjbvapdifhzqn3cj012b685bysi-go-task-3.45.5",
              "default": true
            }
          ],
          "store_path": "/nix/store/4ac3xjjbvapdifhzqn3cj012b685bysi-go-task-3.45.5"
        },
        "x86_64-darwin": {
          "outputs": [
            {
              "name": "out",
              "path": "/nix/store/57gnc0hahiawf2dmiiy6z6kxmaq2a41m-go-task-3.45.5",
              "default": true
            }
          ],
          "store_path": "/nix/store/57gnc0hahiawf2dmiiy6z6kxmaq2a41m-go-task-3.45.5"
        },
        "x86_64-linux": {
          "outputs": [
            {
              "name": "out",
              "path": "/nix/store/8j7jr4fpjlmbcyb1crr8gy00z8d768vm-go-task-3.45.5",
              "default": true
            }
          ],
          "store_path": "/nix/store/8j7jr4fpjlmbcyb1crr8gy00z8d768vm-go-task-3.45.5"
        }
      }
    },
    "poetry@latest": {
      "last_modified": "2025-11-26T06:22:50Z",
      "plugin_version": "0.0.4",
      "resolved": "github:NixOS/nixpkgs/bb813de6d2241bcb1b5af2d3059f560c66329967#poetry",
      "source": "devbox-search",
      "version": "2.2.1",
      "systems": {
        "aarch64-darwin": {
          "outputs": [
            {
              "name": "out",
              "path": "/nix/store/sfsxq068qvwpq7vwb0743m7isk7mbhwv-python3.13-poetry-2.2.1",
              "default": true
            },
            {
              "name": "dist",
              "path": "/nix/store/4yfah728gxi2p5gmn5mb5civh5cd3pi7-python3.13-poetry-2.2.1-dist"
            }
          ],
          "store_path": "/nix/store/sfsxq068qvwpq7vwb0743m7isk7mbhwv-python3.13-poetry-2.2.1"
        },
        "aarch64-linux": {
          "outputs": [
            {
              "name": "out",
              "path": "/nix/store/jaah5kv576z0i6sl8zcjxwnd1nf8xhqm-python3.13-poetry-2.2.1",
              "default": true
            },
            {
              "name": "dist",
              "path": "/nix/store/jn3mq4ccbvpnhgiki3n9q2pl3wsllhzr-python3.13-poetry-2.2.1-dist"
            }
          ],
          "store_path": "/nix/store/jaah5kv576z0i6sl8zcjxwnd1nf8xhqm-python3.13-poetry-2.2.1"
        },
        "x86_64-darwin": {
          "outputs": [
            {
              "name": "out",
              "path": "/nix/store/aj5kr9p7d7skbacqkk949yk1s9axxka2-python3.13-poetry-2.2.1",
              "default": true
            },
            {
              "name": "dist",
              "path": "/nix/store/w6ipm3dpg44xcfks78n2iqdg5mq51n4d-python3.13-poetry-2.2.1-dist"
            }
          ],
          "store_path": "/nix/store/aj5kr9p7d7skbacqkk949yk1s9axxka2-python3.13-poetry-2.2.1"
        },
        "x86_64-linux": {
          "outputs": [
            {
              "name": "out",
              "path": "/nix/store/jgi0jzxlm08qk7vnx1w3wmhyn4cchf47-python3.13-poetry-2.2.1",
              "default": true
            },
            {
              "name": "dist",
              "path": "/nix/store/mmhq14nsa1vqkw4rqr7lcbhvih3fm4nk-python3.13-poetry-2.2.1-dist"
            }
          ],
          "store_path": "/nix/store/jgi0jzxlm08qk7vnx1w3wmhyn4cchf47-python3.13-poetry-2.2.1"
        }
      }
    },
    "protobuf@3.21.12": {
      "last_modified": "2023-08-08T11:45:39Z",
      "resolved": "github:NixOS/nixpkgs/4e6868b1aa3766ab1de169922bb3826143941973#protobuf",
      "source": "devbox-search",
      "version": "3.21.12",
      "systems": {
        "aarch64-darwin": {
          "outputs": [
            {
              "name": "out",
              "path": "/nix/store/qkrnl21cb0acjzajwapfwy8pigfhbn8b-protobuf-3.21.12",
              "default": true
            }
          ],
          "store_path": "/nix/store/qkrnl21cb0acjzajwapfwy8pigfhbn8b-protobuf-3.21.12"
        },
        "aarch64-linux": {
          "outputs": [
            {
              "name": "out",
              "path": "/nix/store/vdic72m6vc4aqzq05l2w9jvaz0p2558a-protobuf-3.21.12",
              "default": true
            }
          ],
          "store_path": "/nix/store/vdic72m6vc4aqzq05l2w9jvaz0p2558a-protobuf-3.21.12"
        },
        "x86_64-darwin": {
          "outputs": [
            {
              "name": "out",
              "path": "/nix/store/h70pssy13dr2qwqkwkyhc2x1lcsalmsv-protobuf-3.21.12",
              "default": true
            }
          ],
          "store_path": "/nix/store/h70pssy13dr2qwqkwkyhc2x1lcsalmsv-protobuf-3.21.12"
        },
        "x86_64-linux": {
          "outputs": [
            {
              "name": "out",
              "path": "/nix/store/h2h5fs8iv2a8rmlkfhr6id6y4jxwd5i1-protobuf-3.21.12",
              "default": true
            }
          ],
          "store_path": "/nix/store/h2h5fs8iv2a8rmlkfhr6id6y4jxwd5i1-protobuf-3.21.12"
        }
      }
    },
    "python@3.12": {
      "last_modified": "2025-11-23T21:50:36Z",
      "plugin_version": "0.0.4",
      "resolved": "github:NixOS/nixpkgs/ee09932cedcef15aaf476f9343d1dea2cb77e261#python312",
      "source": "devbox-search",
      "version": "3.12.12",
      "systems": {
        "aarch64-darwin": {
          "outputs": [
            {
              "name": "out",
              "path": "/nix/store/nrk1773m026hlgkk7vlpvc2s6zlwf1rh-python3-3.12.12",
              "default": true
            }
          ],
          "store_path": "/nix/store/nrk1773m026hlgkk7vlpvc2s6zlwf1rh-python3-3.12.12"
        },
        "aarch64-linux": {
          "outputs": [
            {
              "name": "out",
              "path": "/nix/store/yyns9w3mfdxn5jwqa3lbp461wq9nl5p7-python3-3.12.12",
              "default": true
            },
            {
              "name": "debug",
              "path": "/nix/store/b26kb9x8r02z43r0jjkj08rc5g1vf6ig-python3-3.12.12-debug"
            }
          ],
          "store_path": "/nix/store/yyns9w3mfdxn5jwqa3lbp461wq9nl5p7-python3-3.12.12"
        },
        "x86_64-darwin": {
          "outputs": [
            {
              "name": "out",
              "path": "/nix/store/978h7w9sbz3f6qi6ra4pp6prqflgqyqq-python3-3.12.12",
              "default": true
            }
          ],
          "store_path": "/nix/store/978h7w9sbz3f6qi6ra4pp6prqflgqyqq-python3-3.12.12"
        },
        "x86_64-linux": {
          "outputs": [
            {
              "name": "out",
              "path": "/nix/store/fdibxyh7xcmqrc172y78awzhxs292gq1-python3-3.12.12",
              "default": true
            },
            {
              "name": "debug",
              "path": "/nix/store/y2128xkl79k97arhvrsq2p2rmr0dim75-python3-3.12.12-debug"
            }
          ],
          "store_path": "/nix/store/fdibxyh7xcmqrc172y78awzhxs292gq1-python3-3.12.12"
        }
      }
    }
  }
}
