{
  "lockfile_version": "1",
  "packages": {
    "clang@18.1.8": {
      "last_modified": "2024-12-03T12:40:06Z",
      "resolved": "github:NixOS/nixpkgs/566e53c2ad750c84f6d31f9ccb9d00f823165550#clang",
      "source": "devbox-search",
      "version": "18.1.8",
      "systems": {
        "aarch64-linux": {
          "outputs": [
            {
              "name": "out",
              "path": "/nix/store/k2pla8ky8gygl95ff71fzc93xig5cs7a-clang-wrapper-18.1.8",
              "default": true
            }
          ],
          "store_path": "/nix/store/k2pla8ky8gygl95ff71fzc93xig5cs7a-clang-wrapper-18.1.8"
        },
        "x86_64-linux": {
          "outputs": [
            {
              "name": "out",
              "path": "/nix/store/03bq5hc45d5wkw8pajmz4vgd5s0ivyq8-clang-wrapper-18.1.8",
              "default": true
            }
          ],
          "store_path": "/nix/store/03bq5hc45d5wkw8pajmz4vgd5s0ivyq8-clang-wrapper-18.1.8"
        }
      }
    },
    "cmake@4.1.2": {
      "last_modified": "2025-11-23T21:50:36Z",
      "resolved": "github:NixOS/nixpkgs/ee09932cedcef15aaf476f9343d1dea2cb77e261#cmake",
      "source": "devbox-search",
      "version": "4.1.2",
      "systems": {
        "aarch64-darwin": {
          "outputs": [
            {
              "name": "out",
              "path": "/nix/store/0v5vpvwbl94qv9447jz995i4n9mx4l63-cmake-4.1.2",
              "default": true
            }
          ],
          "store_path": "/nix/store/0v5vpvwbl94qv9447jz995i4n9mx4l63-cmake-4.1.2"
        },
        "aarch64-linux": {
          "outputs": [
            {
              "name": "out",
              "path": "/nix/store/ipjw0mbzcycidbw62gsz47cgivqxm2lv-cmake-4.1.2",
              "default": true
            },
            {
              "name": "debug",
              "path": "/nix/store/4m6l2qb5s7vyirybbn3c5k1rv2dww1vy-cmake-4.1.2-debug"
            }
          ],
          "store_path": "/nix/store/ipjw0mbzcycidbw62gsz47cgivqxm2lv-cmake-4.1.2"
        },
        "x86_64-darwin": {
          "outputs": [
            {
              "name": "out",
              "path": "/nix/store/i7c7r2g0zycvi7wh3rnw1dx3aglbvw2d-cmake-4.1.2",
              "default": true
            }
          ],
          "store_path": "/nix/store/i7c7r2g0zycvi7wh3rnw1dx3aglbvw2d-cmake-4.1.2"
        },
        "x86_64-linux": {
          "outputs": [
            {
              "name": "out",
              "path": "/nix/store/w9jm660dykns6hzrdhxmqfywnc9ail8g-cmake-4.1.2",
              "default": true
            },
            {
              "name": "debug",
              "path": "/nix/store/pnizhra0882ijp3nilvzdzbaa0ayq4hd-cmake-4.1.2-debug"
            }
          ],
          "store_path": "/nix/store/w9jm660dykns6hzrdhxmqfywnc9ail8g-cmake-4.1.2"
        }
      }
    },
    "conan@2.21.0": {
      "last_modified": "2025-12-11T04:04:52Z",
      "resolved": "github:NixOS/nixpkgs/5d6bdbddb4695a62f0d00a3620b37a15275a5093#conan",
      "source": "devbox-search",
      "version": "2.21.0",
      "systems": {
        "aarch64-darwin": {
          "outputs": [
            {
              "name": "out",
              "path": "/nix/store/la9gwffgc7jq3zxa5ac4cx1qgnlmidyg-conan-2.21.0",
              "default": true
            },
            {
              "name": "dist",
              "path": "/nix/store/imqll7vn9ysi8ym50sdgiwsn1lf9b2n2-conan-2.21.0-dist"
            }
          ],
          "store_path": "/nix/store/la9gwffgc7jq3zxa5ac4cx1qgnlmidyg-conan-2.21.0"
        },
        "aarch64-linux": {
          "outputs": [
            {
              "name": "out",
              "path": "/nix/store/jl509fw9qvf1jb5cmws2hi3rg7f3vp43-conan-2.21.0",
              "default": true
            },
            {
              "name": "dist",
              "path": "/nix/store/zy6v6w9965l9pchrbc7irvb9mw2cw2ri-conan-2.21.0-dist"
            }
          ],
          "store_path": "/nix/store/jl509fw9qvf1jb5cmws2hi3rg7f3vp43-conan-2.21.0"
        },
        "x86_64-darwin": {
          "outputs": [
            {
              "name": "out",
              "path": "/nix/store/dyjkqv3rvmq1b7v9fkgp3w55rqjbdrxv-conan-2.21.0",
              "default": true
            },
            {
              "name": "dist",
              "path": "/nix/store/qc4fq3szjkbjd3lvx2xdpq773yi2wn8y-conan-2.21.0-dist"
            }
          ],
          "store_path": "/nix/store/dyjkqv3rvmq1b7v9fkgp3w55rqjbdrxv-conan-2.21.0"
        },
        "x86_64-linux": {
          "outputs": [
            {
              "name": "out",
              "path": "/nix/store/1zfjpi0yyzzhzzj41syy74ijyc2kahvh-conan-2.21.0",
              "default": true
            },
            {
              "name": "dist",
              "path": "/nix/store/6nfnap083kcwrr48bxrx8xsasb97j6jg-conan-2.21.0-dist"
            }
          ],
          "store_path": "/nix/store/1zfjpi0yyzzhzzj41syy74ijyc2kahvh-conan-2.21.0"
        }
      }
    },
    "github-cli@0.12.0": {
      "last_modified": "2020-09-11T09:12:21Z",
      "resolved": "github:NixOS/nixpkgs/6d4b93323e7f78121f8d6db6c59f3889aa1dd931#github-cli",
      "source": "devbox-search",
      "version": "0.12.0",
      "systems": {
        "x86_64-linux": {
          "outputs": [
            {
              "path": "/tmp/containerbase/cache/nix/store/g6synsx25fcwk7v7cyz9gi91gyn92x9j-gh-0.12.0",
              "default": true
            }
          ]
        }
      }
    },
    "github:NixOS/nixpkgs/nixpkgs-unstable": {
      "last_modified": "2026-03-18T13:30:56Z",
      "resolved": "github:NixOS/nixpkgs/9cf7092bdd603554bd8b63c216e8943cf9b12512?lastModified=1773840656&narHash=sha256-9tpvMGFteZnd3gRQZFlRCohVpqooygFuy9yjuyRL2C0%3D"
    },
    "go-task@3.45.5": {
      "last_modified": "2026-01-23T17:20:52Z",
      "resolved": "github:NixOS/nixpkgs/a1bab9e494f5f4939442a57a58d0449a109593fe#go-task",
      "source": "devbox-search",
      "version": "3.45.5",
      "systems": {
        "aarch64-darwin": {
          "outputs": [
            {
              "name": "out",
              "path": "/nix/store/siijbf12pnf32gx7mjixfbv9388h2wrl-go-task-3.45.5",
              "default": true
            }
          ],
          "store_path": "/nix/store/siijbf12pnf32gx7mjixfbv9388h2wrl-go-task-3.45.5"
        },
        "aarch64-linux": {
          "outputs": [
            {
              "name": "out",
              "path": "/nix/store/bz644gcz6r6z0ih6r7njxj9disqzf1z6-go-task-3.45.5",
              "default": true
            }
          ],
          "store_path": "/nix/store/bz644gcz6r6z0ih6r7njxj9disqzf1z6-go-task-3.45.5"
        },
        "x86_64-darwin": {
          "outputs": [
            {
              "name": "out",
              "path": "/nix/store/qb65b2d47v84cj48ldppv2mwnqkla52z-go-task-3.45.5",
              "default": true
            }
          ],
          "store_path": "/nix/store/qb65b2d47v84cj48ldppv2mwnqkla52z-go-task-3.45.5"
        },
        "x86_64-linux": {
          "outputs": [
            {
              "name": "out",
              "path": "/nix/store/hwhz6lp5y525yf4jr92q83n2y4swapby-go-task-3.45.5",
              "default": true
            }
          ],
          "store_path": "/nix/store/hwhz6lp5y525yf4jr92q83n2y4swapby-go-task-3.45.5"
        }
      }
    },
    "poetry@latest": {
      "last_modified": "2026-02-23T15:40:43Z",
      "plugin_version": "0.0.4",
      "resolved": "github:NixOS/nixpkgs/80d901ec0377e19ac3f7bb8c035201e2e098cc97#poetry",
      "source": "devbox-search",
      "version": "2.3.1",
      "systems": {
        "aarch64-darwin": {
          "outputs": [
            {
              "name": "out",
              "path": "/nix/store/2jl7rbxqk7146bnw3b0pi4i3rlc4gi0n-python3.13-poetry-2.3.1",
              "default": true
            },
            {
              "name": "dist",
              "path": "/nix/store/7c1s3yxwybhhc3k6rcirzyls1vw90s5y-python3.13-poetry-2.3.1-dist"
            }
          ],
          "store_path": "/nix/store/2jl7rbxqk7146bnw3b0pi4i3rlc4gi0n-python3.13-poetry-2.3.1"
        },
        "aarch64-linux": {
          "outputs": [
            {
              "name": "out",
              "path": "/nix/store/dcnp40byd43c5jrrrn8hvn5b43w2x8nw-python3.13-poetry-2.3.1",
              "default": true
            },
            {
              "name": "dist",
              "path": "/nix/store/6dq11ma1qkil9q278yqzbcvqijm934pc-python3.13-poetry-2.3.1-dist"
            }
          ],
          "store_path": "/nix/store/dcnp40byd43c5jrrrn8hvn5b43w2x8nw-python3.13-poetry-2.3.1"
        },
        "x86_64-darwin": {
          "outputs": [
            {
              "name": "out",
              "path": "/nix/store/8r7bkznnbfhxg20hnsacax4lk2glcacv-python3.13-poetry-2.3.1",
              "default": true
            },
            {
              "name": "dist",
              "path": "/nix/store/1l50cw1158pmrlp8z3d9ppr3m45h5557-python3.13-poetry-2.3.1-dist"
            }
          ],
          "store_path": "/nix/store/8r7bkznnbfhxg20hnsacax4lk2glcacv-python3.13-poetry-2.3.1"
        },
        "x86_64-linux": {
          "outputs": [
            {
              "name": "out",
              "path": "/nix/store/xzbqjg9vzjig2y8wznm3j0v42inj2ndc-python3.13-poetry-2.3.1",
              "default": true
            },
            {
              "name": "dist",
              "path": "/nix/store/0d1s0hhx9vb1grdb208gpzmk8j55pyd5-python3.13-poetry-2.3.1-dist"
            }
          ],
          "store_path": "/nix/store/xzbqjg9vzjig2y8wznm3j0v42inj2ndc-python3.13-poetry-2.3.1"
        }
      }
    },
    "protobuf@33.5": {
      "last_modified": "2026-03-02T11:03:52Z",
      "resolved": "github:NixOS/nixpkgs/dc7513872406b53d2ff417a003895d6daffdff2f#protobuf",
      "source": "devbox-search",
      "version": "33.5",
      "systems": {
        "aarch64-darwin": {
          "outputs": [
            {
              "name": "out",
              "path": "/nix/store/w7ixs70mwsbkr6h7x158s28wxj5ksqlz-protobuf-33.5",
              "default": true
            }
          ],
          "store_path": "/nix/store/w7ixs70mwsbkr6h7x158s28wxj5ksqlz-protobuf-33.5"
        },
        "aarch64-linux": {
          "outputs": [
            {
              "name": "out",
              "path": "/nix/store/600hwaz4l959b7lxzxd4hjyml9rzjkgb-protobuf-33.5",
              "default": true
            },
            {
              "name": "debug",
              "path": "/nix/store/d90d9v8m7d9ldz92ivhgq0wqqch2rxhr-protobuf-33.5-debug"
            }
          ],
          "store_path": "/nix/store/600hwaz4l959b7lxzxd4hjyml9rzjkgb-protobuf-33.5"
        },
        "x86_64-darwin": {
          "outputs": [
            {
              "name": "out",
              "path": "/nix/store/k3akiv87fwy0vp4i83yr24lg5j56ccgc-protobuf-33.5",
              "default": true
            }
          ],
          "store_path": "/nix/store/k3akiv87fwy0vp4i83yr24lg5j56ccgc-protobuf-33.5"
        },
        "x86_64-linux": {
          "outputs": [
            {
              "name": "out",
              "path": "/nix/store/8sbmq3x389mnh8kz3lp3m2r43p4xp33h-protobuf-33.5",
              "default": true
            },
            {
              "name": "debug",
              "path": "/nix/store/vappv4dq10ka28ypl2df8czfffmnmv35-protobuf-33.5-debug"
            }
          ],
          "store_path": "/nix/store/8sbmq3x389mnh8kz3lp3m2r43p4xp33h-protobuf-33.5"
        }
      }
    },
    "python@3.12": {
      "last_modified": "2026-03-07T23:46:50Z",
      "plugin_version": "0.0.4",
      "resolved": "github:NixOS/nixpkgs/0e6cdd5be64608ef630c2e41f8d51d484468492f#python312",
      "source": "devbox-search",
      "version": "3.12.13",
      "systems": {
        "aarch64-darwin": {
          "outputs": [
            {
              "name": "out",
              "path": "/nix/store/0kpmn91hpcg7fx0kd4ji2blhnigzvw98-python3-3.12.13",
              "default": true
            }
          ],
          "store_path": "/nix/store/0kpmn91hpcg7fx0kd4ji2blhnigzvw98-python3-3.12.13"
        },
        "aarch64-linux": {
          "outputs": [
            {
              "name": "out",
              "path": "/nix/store/n7zacbangs6qzrfb8xg8b5cqkxcv6499-python3-3.12.13",
              "default": true
            },
            {
              "name": "debug",
              "path": "/nix/store/qj5pnvfqcdf34ri8fwdpk8dbz3fdk5lz-python3-3.12.13-debug"
            }
          ],
          "store_path": "/nix/store/n7zacbangs6qzrfb8xg8b5cqkxcv6499-python3-3.12.13"
        },
        "x86_64-darwin": {
          "outputs": [
            {
              "name": "out",
              "path": "/nix/store/gjw0dj160905a2z35r5pv9gb50mnav7r-python3-3.12.13",
              "default": true
            }
          ],
          "store_path": "/nix/store/gjw0dj160905a2z35r5pv9gb50mnav7r-python3-3.12.13"
        },
        "x86_64-linux": {
          "outputs": [
            {
              "name": "out",
              "path": "/nix/store/ja66iyv96y1cbjhj7fl5ghqqmy9fyacj-python3-3.12.13",
              "default": true
            },
            {
              "name": "debug",
              "path": "/nix/store/zacz4qsg5g7z60ajw1s3jnmpf0vkr1f4-python3-3.12.13-debug"
            }
          ],
          "store_path": "/nix/store/ja66iyv96y1cbjhj7fl5ghqqmy9fyacj-python3-3.12.13"
        }
      }
    }
  }
}
